
Microsoft Visual Studio Solution File, Format Version 12.00
# Visual Studio Version 17
VisualStudioVersion = 17.0.31903.59
MinimumVisualStudioVersion = 10.0.40219.1
Project("{2150E333-8FDC-42A3-9474-1A3956D46DE8}") = "Practico experimental 1", "Practico experimental 1", "{9DF8B548-38E1-6F62-0BFF-188AE8E48C1D}"
EndProject
Project("{FAE04EC0-301F-11D3-BF4B-00C04F79EFBC}") = "ConsoleApp1", "Practico experimental 1\ConsoleApp1\ConsoleApp1.csproj", "{B1C48E57-92E9-4043-B01C-AECAFE8EEC9E}"
EndProject
Project("{2150E333-8FDC-42A3-9474-1A3956D46DE8}") = "practico_experimental_2", "practico_experimental_2", "{F59B3316-D34E-824E-21D6-D5AB337952BB}"
EndProject
Project("{FAE04EC0-301F-11D3-BF4B-00C04F79EFBC}") = "ConsoleApp1", "practico_experimental_2\ConsoleApp1\ConsoleApp1.csproj", "{9BC73649-F8E6-43D9-B768-36436A745F2D}"
EndProject
Project("{FAE04EC0-301F-11D3-BF4B-00C04F79EFBC}") = "Practico_experimental_2", "Practico_experimental_2\Practico_experimental_2.csproj", "{321E3A03-CE2D-450C-979B-1B20F96E6AEA}"
EndProject
Global
	GlobalSection(SolutionConfigurationPlatforms) = preSolution
		Debug|Any CPU = Debug|Any CPU
		Debug|x64 = Debug|x64
		Debug|x86 = Debug|x86
		Release|Any CPU = Release|Any CPU
		Release|x64 = Release|x64
		Release|x86 = Release|x86
	EndGlobalSection
	GlobalSection(ProjectConfigurationPlatforms) = postSolution
		{B1C48E57-92E9-4043-B01C-AECAFE8EEC9E}.Debug|Any CPU.ActiveCfg = Debug|Any CPU
		{B1C48E57-92E9-4043-B01C-AECAFE8EEC9E}.Debug|Any CPU.Build.0 = Debug|Any CPU
		{B1C48E57-92E9-4043-B01C-AECAFE8EEC9E}.Debug|x64.ActiveCfg = Debug|Any CPU
		{B1C48E57-92E9-4043-B01C-AECAFE8EEC9E}.Debug|x64.Build.0 = Debug|Any CPU
		{B1C48E57-92E9-4043-B01C-AECAFE8EEC9E}.Debug|x86.ActiveCfg = Debug|Any CPU
		{B1C48E57-92E9-4043-B01C-AECAFE8EEC9E}.Debug|x86.Build.0 = Debug|Any CPU
		{B1C48E57-92E9-4043-B01C-AECAFE8EEC9E}.Release|Any CPU.ActiveCfg = Release|Any CPU
		{B1C48E57-92E9-4043-B01C-AECAFE8EEC9E}.Release|Any CPU.Build.0 = Release|Any CPU
		{B1C48E57-92E9-4043-B01C-AECAFE8EEC9E}.Release|x64.ActiveCfg = Release|Any CPU
		{B1C48E57-92E9-4043-B01C-AECAFE8EEC9E}.Release|x64.Build.0 = Release|Any CPU
		{B1C48E57-92E9-4043-B01C-AECAFE8EEC9E}.Release|x86.ActiveCfg = Release|Any CPU
		{B1C48E57-92E9-4043-B01C-AECAFE8EEC9E}.Release|x86.Build.0 = Release|Any CPU
		{9BC73649-F8E6-43D9-B768-36436A745F2D}.Debug|Any CPU.ActiveCfg = Debug|Any CPU
		{9BC73649-F8E6-43D9-B768-36436A745F2D}.Debug|Any CPU.Build.0 = Debug|Any CPU
		{9BC73649-F8E6-43D9-B768-36436A745F2D}.Debug|x64.ActiveCfg = Debug|Any CPU
		{9BC73649-F8E6-43D9-B768-36436A745F2D}.Debug|x64.Build.0 = Debug|Any CPU
		{9BC73649-F8E6-43D9-B768-36436A745F2D}.Debug|x86.ActiveCfg = Debug|Any CPU
		{9BC73649-F8E6-43D9-B768-36436A745F2D}.Debug|x86.Build.0 = Debug|Any CPU
		{9BC73649-F8E6-43D9-B768-36436A745F2D}.Release|Any CPU.ActiveCfg = Release|Any CPU
		{9BC73649-F8E6-43D9-B768-36436A745F2D}.Release|Any CPU.Build.0 = Release|Any CPU
		{9BC73649-F8E6-43D9-B768-36436A745F2D}.Release|x64.ActiveCfg = Release|Any CPU
		{9BC73649-F8E6-43D9-B768-36436A745F2D}.Release|x64.Build.0 = Release|Any CPU
		{9BC73649-F8E6-43D9-B768-36436A745F2D}.Release|x86.ActiveCfg = Release|Any CPU
		{9BC73649-F8E6-43D9-B768-36436A745F2D}.Release|x86.Build.0 = Release|Any CPU
		{321E3A03-CE2D-450C-979B-1B20F96E6AEA}.Debug|Any CPU.ActiveCfg = Debug|Any CPU
		{321E3A03-CE2D-450C-979B-1B20F96E6AEA}.Debug|Any CPU.Build.0 = Debug|Any CPU
		{321E3A03-CE2D-450C-979B-1B20F96E6AEA}.Debug|x64.ActiveCfg = Debug|Any CPU
		{321E3A03-CE2D-450C-979B-1B20F96E6AEA}.Debug|x64.Build.0 = Debug|Any CPU
		{321E3A03-CE2D-450C-979B-1B20F96E6AEA}.Debug|x86.ActiveCfg = Debug|Any CPU
		{321E3A03-CE2D-450C-979B-1B20F96E6AEA}.Debug|x86.Build.0 = Debug|Any CPU
		{321E3A03-CE2D-450C-979B-1B20F96E6AEA}.Release|Any CPU.ActiveCfg = Release|Any CPU
		{321E3A03-CE2D-450C-979B-1B20F96E6AEA}.Release|Any CPU.Build.0 = Release|Any CPU
		{321E3A03-CE2D-450C-979B-1B20F96E6AEA}.Release|x64.ActiveCfg = Release|Any CPU
		{321E3A03-CE2D-450C-979B-1B20F96E6AEA}.Release|x64.Build.0 = Release|Any CPU
		{321E3A03-CE2D-450C-979B-1B20F96E6AEA}.Release|x86.ActiveCfg = Release|Any CPU
		{321E3A03-CE2D-450C-979B-1B20F96E6AEA}.Release|x86.Build.0 = Release|Any CPU
	EndGlobalSection
	GlobalSection(SolutionProperties) = preSolution
		HideSolutionNode = FALSE
	EndGlobalSection
	GlobalSection(NestedProjects) = preSolution
		{B1C48E57-92E9-4043-B01C-AECAFE8EEC9E} = {9DF8B548-38E1-6F62-0BFF-188AE8E48C1D}
		{9BC73649-F8E6-43D9-B768-36436A745F2D} = {F59B3316-D34E-824E-21D6-D5AB337952BB}
	EndGlobalSection
EndGlobal
