
Microsoft Visual Studio Solution File, Format Version 12.00
# Visual Studio Version 17
VisualStudioVersion = 17.5.2.0
MinimumVisualStudioVersion = 10.0.40219.1
Project("{FAE04EC0-301F-11D3-BF4B-00C04F79EFBC}") = "practico_experimental_2", "practico_experimental_2\practico_experimental_2.csproj", "{44103E74-DB43-82FE-3C81-6D6098D483FF}"
EndProject
Project("{FAE04EC0-301F-11D3-BF4B-00C04F79EFBC}") = "covid_19", "covid_19\covid_19.csproj", "{13E8EC84-A1E9-4990-8E2C-B1C21A5EA368}"
EndProject
Project("{FAE04EC0-301F-11D3-BF4B-00C04F79EFBC}") = "tarea_semana_10", "tarea_semana_10\tarea_semana_10.csproj", "{986586AF-8329-4CAA-80C5-AB9F437D6D6C}"
EndProject
Project("{FAE04EC0-301F-11D3-BF4B-00C04F79EFBC}") = "Tarea_semana_11_traductor", "Tarea_semana_11_traductor\Tarea_semana_11_traductor.csproj", "{BA2F346A-3F46-417B-9CED-DD67EC494D7F}"
EndProject
Project("{FAE04EC0-301F-11D3-BF4B-00C04F79EFBC}") = "ConsoleApp1", "ConsoleApp1\ConsoleApp1.csproj", "{AF511778-F9B1-4618-9CB6-EB3B63228648}"
EndProject
Project("{FAE04EC0-301F-11D3-BF4B-00C04F79EFBC}") = "Tarea_semana_11", "Tarea_semana_11\Tarea_semana_11.csproj", "{699B6B82-DB87-4D5F-A551-4506D7BF9DD1}"
EndProject
Project("{FAE04EC0-301F-11D3-BF4B-00C04F79EFBC}") = "traductor_semana 11", "traductor_semana 11\traductor_semana 11.csproj", "{FED8D5B1-9D0D-4861-B22C-09CD29555710}"
EndProject
Project("{FAE04EC0-301F-11D3-BF4B-00C04F79EFBC}") = "tarea_practico_experimental_3", "tarea_practico_experimental_3\tarea_practico_experimental_3.csproj", "{2419D223-489F-44CC-B1E0-1146DBF4E9B6}"
EndProject
Project("{FAE04EC0-301F-11D3-BF4B-00C04F79EFBC}") = "tarea_semana_13", "tarea_semana_13\tarea_semana_13.csproj", "{6A8C2362-2987-4A8F-8FBF-4045194FEE44}"
EndProject
Project("{FAE04EC0-301F-11D3-BF4B-00C04F79EFBC}") = "catalogo_revistas", "catalogo_revistas\catalogo_revistas.csproj", "{F3838AE4-ECF7-4853-AF5B-C332168DC35F}"
EndProject
Global
	GlobalSection(SolutionConfigurationPlatforms) = preSolution
		Debug|Any CPU = Debug|Any CPU
		Debug|x64 = Debug|x64
		Debug|x86 = Debug|x86
		Release|Any CPU = Release|Any CPU
		Release|x64 = Release|x64
		Release|x86 = Release|x86
	EndGlobalSection
	GlobalSection(ProjectConfigurationPlatforms) = postSolution
		{44103E74-DB43-82FE-3C81-6D6098D483FF}.Debug|Any CPU.ActiveCfg = Debug|Any CPU
		{44103E74-DB43-82FE-3C81-6D6098D483FF}.Debug|Any CPU.Build.0 = Debug|Any CPU
		{44103E74-DB43-82FE-3C81-6D6098D483FF}.Debug|x64.ActiveCfg = Debug|Any CPU
		{44103E74-DB43-82FE-3C81-6D6098D483FF}.Debug|x64.Build.0 = Debug|Any CPU
		{44103E74-DB43-82FE-3C81-6D6098D483FF}.Debug|x86.ActiveCfg = Debug|Any CPU
		{44103E74-DB43-82FE-3C81-6D6098D483FF}.Debug|x86.Build.0 = Debug|Any CPU
		{44103E74-DB43-82FE-3C81-6D6098D483FF}.Release|Any CPU.ActiveCfg = Release|Any CPU
		{44103E74-DB43-82FE-3C81-6D6098D483FF}.Release|Any CPU.Build.0 = Release|Any CPU
		{44103E74-DB43-82FE-3C81-6D6098D483FF}.Release|x64.ActiveCfg = Release|Any CPU
		{44103E74-DB43-82FE-3C81-6D6098D483FF}.Release|x64.Build.0 = Release|Any CPU
		{44103E74-DB43-82FE-3C81-6D6098D483FF}.Release|x86.ActiveCfg = Release|Any CPU
		{44103E74-DB43-82FE-3C81-6D6098D483FF}.Release|x86.Build.0 = Release|Any CPU
		{13E8EC84-A1E9-4990-8E2C-B1C21A5EA368}.Debug|Any CPU.ActiveCfg = Debug|Any CPU
		{13E8EC84-A1E9-4990-8E2C-B1C21A5EA368}.Debug|Any CPU.Build.0 = Debug|Any CPU
		{13E8EC84-A1E9-4990-8E2C-B1C21A5EA368}.Debug|x64.ActiveCfg = Debug|Any CPU
		{13E8EC84-A1E9-4990-8E2C-B1C21A5EA368}.Debug|x64.Build.0 = Debug|Any CPU
		{13E8EC84-A1E9-4990-8E2C-B1C21A5EA368}.Debug|x86.ActiveCfg = Debug|Any CPU
		{13E8EC84-A1E9-4990-8E2C-B1C21A5EA368}.Debug|x86.Build.0 = Debug|Any CPU
		{13E8EC84-A1E9-4990-8E2C-B1C21A5EA368}.Release|Any CPU.ActiveCfg = Release|Any CPU
		{13E8EC84-A1E9-4990-8E2C-B1C21A5EA368}.Release|Any CPU.Build.0 = Release|Any CPU
		{13E8EC84-A1E9-4990-8E2C-B1C21A5EA368}.Release|x64.ActiveCfg = Release|Any CPU
		{13E8EC84-A1E9-4990-8E2C-B1C21A5EA368}.Release|x64.Build.0 = Release|Any CPU
		{13E8EC84-A1E9-4990-8E2C-B1C21A5EA368}.Release|x86.ActiveCfg = Release|Any CPU
		{13E8EC84-A1E9-4990-8E2C-B1C21A5EA368}.Release|x86.Build.0 = Release|Any CPU
		{986586AF-8329-4CAA-80C5-AB9F437D6D6C}.Debug|Any CPU.ActiveCfg = Debug|Any CPU
		{986586AF-8329-4CAA-80C5-AB9F437D6D6C}.Debug|Any CPU.Build.0 = Debug|Any CPU
		{986586AF-8329-4CAA-80C5-AB9F437D6D6C}.Debug|x64.ActiveCfg = Debug|Any CPU
		{986586AF-8329-4CAA-80C5-AB9F437D6D6C}.Debug|x64.Build.0 = Debug|Any CPU
		{986586AF-8329-4CAA-80C5-AB9F437D6D6C}.Debug|x86.ActiveCfg = Debug|Any CPU
		{986586AF-8329-4CAA-80C5-AB9F437D6D6C}.Debug|x86.Build.0 = Debug|Any CPU
		{986586AF-8329-4CAA-80C5-AB9F437D6D6C}.Release|Any CPU.ActiveCfg = Release|Any CPU
		{986586AF-8329-4CAA-80C5-AB9F437D6D6C}.Release|Any CPU.Build.0 = Release|Any CPU
		{986586AF-8329-4CAA-80C5-AB9F437D6D6C}.Release|x64.ActiveCfg = Release|Any CPU
		{986586AF-8329-4CAA-80C5-AB9F437D6D6C}.Release|x64.Build.0 = Release|Any CPU
		{986586AF-8329-4CAA-80C5-AB9F437D6D6C}.Release|x86.ActiveCfg = Release|Any CPU
		{986586AF-8329-4CAA-80C5-AB9F437D6D6C}.Release|x86.Build.0 = Release|Any CPU
		{BA2F346A-3F46-417B-9CED-DD67EC494D7F}.Debug|Any CPU.ActiveCfg = Debug|Any CPU
		{BA2F346A-3F46-417B-9CED-DD67EC494D7F}.Debug|Any CPU.Build.0 = Debug|Any CPU
		{BA2F346A-3F46-417B-9CED-DD67EC494D7F}.Debug|x64.ActiveCfg = Debug|Any CPU
		{BA2F346A-3F46-417B-9CED-DD67EC494D7F}.Debug|x64.Build.0 = Debug|Any CPU
		{BA2F346A-3F46-417B-9CED-DD67EC494D7F}.Debug|x86.ActiveCfg = Debug|Any CPU
		{BA2F346A-3F46-417B-9CED-DD67EC494D7F}.Debug|x86.Build.0 = Debug|Any CPU
		{BA2F346A-3F46-417B-9CED-DD67EC494D7F}.Release|Any CPU.ActiveCfg = Release|Any CPU
		{BA2F346A-3F46-417B-9CED-DD67EC494D7F}.Release|Any CPU.Build.0 = Release|Any CPU
		{BA2F346A-3F46-417B-9CED-DD67EC494D7F}.Release|x64.ActiveCfg = Release|Any CPU
		{BA2F346A-3F46-417B-9CED-DD67EC494D7F}.Release|x64.Build.0 = Release|Any CPU
		{BA2F346A-3F46-417B-9CED-DD67EC494D7F}.Release|x86.ActiveCfg = Release|Any CPU
		{BA2F346A-3F46-417B-9CED-DD67EC494D7F}.Release|x86.Build.0 = Release|Any CPU
		{AF511778-F9B1-4618-9CB6-EB3B63228648}.Debug|Any CPU.ActiveCfg = Debug|Any CPU
		{AF511778-F9B1-4618-9CB6-EB3B63228648}.Debug|Any CPU.Build.0 = Debug|Any CPU
		{AF511778-F9B1-4618-9CB6-EB3B63228648}.Debug|x64.ActiveCfg = Debug|Any CPU
		{AF511778-F9B1-4618-9CB6-EB3B63228648}.Debug|x64.Build.0 = Debug|Any CPU
		{AF511778-F9B1-4618-9CB6-EB3B63228648}.Debug|x86.ActiveCfg = Debug|Any CPU
		{AF511778-F9B1-4618-9CB6-EB3B63228648}.Debug|x86.Build.0 = Debug|Any CPU
		{AF511778-F9B1-4618-9CB6-EB3B63228648}.Release|Any CPU.ActiveCfg = Release|Any CPU
		{AF511778-F9B1-4618-9CB6-EB3B63228648}.Release|Any CPU.Build.0 = Release|Any CPU
		{AF511778-F9B1-4618-9CB6-EB3B63228648}.Release|x64.ActiveCfg = Release|Any CPU
		{AF511778-F9B1-4618-9CB6-EB3B63228648}.Release|x64.Build.0 = Release|Any CPU
		{AF511778-F9B1-4618-9CB6-EB3B63228648}.Release|x86.ActiveCfg = Release|Any CPU
		{AF511778-F9B1-4618-9CB6-EB3B63228648}.Release|x86.Build.0 = Release|Any CPU
		{699B6B82-DB87-4D5F-A551-4506D7BF9DD1}.Debug|Any CPU.ActiveCfg = Debug|Any CPU
		{699B6B82-DB87-4D5F-A551-4506D7BF9DD1}.Debug|Any CPU.Build.0 = Debug|Any CPU
		{699B6B82-DB87-4D5F-A551-4506D7BF9DD1}.Debug|x64.ActiveCfg = Debug|Any CPU
		{699B6B82-DB87-4D5F-A551-4506D7BF9DD1}.Debug|x64.Build.0 = Debug|Any CPU
		{699B6B82-DB87-4D5F-A551-4506D7BF9DD1}.Debug|x86.ActiveCfg = Debug|Any CPU
		{699B6B82-DB87-4D5F-A551-4506D7BF9DD1}.Debug|x86.Build.0 = Debug|Any CPU
		{699B6B82-DB87-4D5F-A551-4506D7BF9DD1}.Release|Any CPU.ActiveCfg = Release|Any CPU
		{699B6B82-DB87-4D5F-A551-4506D7BF9DD1}.Release|Any CPU.Build.0 = Release|Any CPU
		{699B6B82-DB87-4D5F-A551-4506D7BF9DD1}.Release|x64.ActiveCfg = Release|Any CPU
		{699B6B82-DB87-4D5F-A551-4506D7BF9DD1}.Release|x64.Build.0 = Release|Any CPU
		{699B6B82-DB87-4D5F-A551-4506D7BF9DD1}.Release|x86.ActiveCfg = Release|Any CPU
		{699B6B82-DB87-4D5F-A551-4506D7BF9DD1}.Release|x86.Build.0 = Release|Any CPU
		{FED8D5B1-9D0D-4861-B22C-09CD29555710}.Debug|Any CPU.ActiveCfg = Debug|Any CPU
		{FED8D5B1-9D0D-4861-B22C-09CD29555710}.Debug|Any CPU.Build.0 = Debug|Any CPU
		{FED8D5B1-9D0D-4861-B22C-09CD29555710}.Debug|x64.ActiveCfg = Debug|Any CPU
		{FED8D5B1-9D0D-4861-B22C-09CD29555710}.Debug|x64.Build.0 = Debug|Any CPU
		{FED8D5B1-9D0D-4861-B22C-09CD29555710}.Debug|x86.ActiveCfg = Debug|Any CPU
		{FED8D5B1-9D0D-4861-B22C-09CD29555710}.Debug|x86.Build.0 = Debug|Any CPU
		{FED8D5B1-9D0D-4861-B22C-09CD29555710}.Release|Any CPU.ActiveCfg = Release|Any CPU
		{FED8D5B1-9D0D-4861-B22C-09CD29555710}.Release|Any CPU.Build.0 = Release|Any CPU
		{FED8D5B1-9D0D-4861-B22C-09CD29555710}.Release|x64.ActiveCfg = Release|Any CPU
		{FED8D5B1-9D0D-4861-B22C-09CD29555710}.Release|x64.Build.0 = Release|Any CPU
		{FED8D5B1-9D0D-4861-B22C-09CD29555710}.Release|x86.ActiveCfg = Release|Any CPU
		{FED8D5B1-9D0D-4861-B22C-09CD29555710}.Release|x86.Build.0 = Release|Any CPU
		{2419D223-489F-44CC-B1E0-1146DBF4E9B6}.Debug|Any CPU.ActiveCfg = Debug|Any CPU
		{2419D223-489F-44CC-B1E0-1146DBF4E9B6}.Debug|Any CPU.Build.0 = Debug|Any CPU
		{2419D223-489F-44CC-B1E0-1146DBF4E9B6}.Debug|x64.ActiveCfg = Debug|Any CPU
		{2419D223-489F-44CC-B1E0-1146DBF4E9B6}.Debug|x64.Build.0 = Debug|Any CPU
		{2419D223-489F-44CC-B1E0-1146DBF4E9B6}.Debug|x86.ActiveCfg = Debug|Any CPU
		{2419D223-489F-44CC-B1E0-1146DBF4E9B6}.Debug|x86.Build.0 = Debug|Any CPU
		{2419D223-489F-44CC-B1E0-1146DBF4E9B6}.Release|Any CPU.ActiveCfg = Release|Any CPU
		{2419D223-489F-44CC-B1E0-1146DBF4E9B6}.Release|Any CPU.Build.0 = Release|Any CPU
		{2419D223-489F-44CC-B1E0-1146DBF4E9B6}.Release|x64.ActiveCfg = Release|Any CPU
		{2419D223-489F-44CC-B1E0-1146DBF4E9B6}.Release|x64.Build.0 = Release|Any CPU
		{2419D223-489F-44CC-B1E0-1146DBF4E9B6}.Release|x86.ActiveCfg = Release|Any CPU
		{2419D223-489F-44CC-B1E0-1146DBF4E9B6}.Release|x86.Build.0 = Release|Any CPU
		{6A8C2362-2987-4A8F-8FBF-4045194FEE44}.Debug|Any CPU.ActiveCfg = Debug|Any CPU
		{6A8C2362-2987-4A8F-8FBF-4045194FEE44}.Debug|Any CPU.Build.0 = Debug|Any CPU
		{6A8C2362-2987-4A8F-8FBF-4045194FEE44}.Debug|x64.ActiveCfg = Debug|Any CPU
		{6A8C2362-2987-4A8F-8FBF-4045194FEE44}.Debug|x64.Build.0 = Debug|Any CPU
		{6A8C2362-2987-4A8F-8FBF-4045194FEE44}.Debug|x86.ActiveCfg = Debug|Any CPU
		{6A8C2362-2987-4A8F-8FBF-4045194FEE44}.Debug|x86.Build.0 = Debug|Any CPU
		{6A8C2362-2987-4A8F-8FBF-4045194FEE44}.Release|Any CPU.ActiveCfg = Release|Any CPU
		{6A8C2362-2987-4A8F-8FBF-4045194FEE44}.Release|Any CPU.Build.0 = Release|Any CPU
		{6A8C2362-2987-4A8F-8FBF-4045194FEE44}.Release|x64.ActiveCfg = Release|Any CPU
		{6A8C2362-2987-4A8F-8FBF-4045194FEE44}.Release|x64.Build.0 = Release|Any CPU
		{6A8C2362-2987-4A8F-8FBF-4045194FEE44}.Release|x86.ActiveCfg = Release|Any CPU
		{6A8C2362-2987-4A8F-8FBF-4045194FEE44}.Release|x86.Build.0 = Release|Any CPU
		{F3838AE4-ECF7-4853-AF5B-C332168DC35F}.Debug|Any CPU.ActiveCfg = Debug|Any CPU
		{F3838AE4-ECF7-4853-AF5B-C332168DC35F}.Debug|Any CPU.Build.0 = Debug|Any CPU
		{F3838AE4-ECF7-4853-AF5B-C332168DC35F}.Debug|x64.ActiveCfg = Debug|Any CPU
		{F3838AE4-ECF7-4853-AF5B-C332168DC35F}.Debug|x64.Build.0 = Debug|Any CPU
		{F3838AE4-ECF7-4853-AF5B-C332168DC35F}.Debug|x86.ActiveCfg = Debug|Any CPU
		{F3838AE4-ECF7-4853-AF5B-C332168DC35F}.Debug|x86.Build.0 = Debug|Any CPU
		{F3838AE4-ECF7-4853-AF5B-C332168DC35F}.Release|Any CPU.ActiveCfg = Release|Any CPU
		{F3838AE4-ECF7-4853-AF5B-C332168DC35F}.Release|Any CPU.Build.0 = Release|Any CPU
		{F3838AE4-ECF7-4853-AF5B-C332168DC35F}.Release|x64.ActiveCfg = Release|Any CPU
		{F3838AE4-ECF7-4853-AF5B-C332168DC35F}.Release|x64.Build.0 = Release|Any CPU
		{F3838AE4-ECF7-4853-AF5B-C332168DC35F}.Release|x86.ActiveCfg = Release|Any CPU
		{F3838AE4-ECF7-4853-AF5B-C332168DC35F}.Release|x86.Build.0 = Release|Any CPU
	EndGlobalSection
	GlobalSection(SolutionProperties) = preSolution
		HideSolutionNode = FALSE
	EndGlobalSection
	GlobalSection(ExtensibilityGlobals) = postSolution
		SolutionGuid = {0AFD79A9-B53E-4698-8929-97D6023084ED}
	EndGlobalSection
EndGlobal
